
Microsoft Visual Studio Solution File, Format Version 12.00
# Visual Studio Version 16
VisualStudioVersion = 16.0.31410.357
MinimumVisualStudioVersion = 10.0.40219.1
Project("{FAE04EC0-301F-11D3-BF4B-00C04F79EFBC}") = "DoorwardGUIAutomation", "DoorwardGUIAutomation.csproj", "{29B0F3BC-5D50-4F6E-9FBD-29FB65484AD2}"
EndProject
Global
	GlobalSection(SolutionConfigurationPlatforms) = preSolution
		Debug|Any CPU = Debug|Any CPU
		Release|Any CPU = Release|Any CPU
	EndGlobalSection
	GlobalSection(ProjectConfigurationPlatforms) = postSolution
		{29B0F3BC-5D50-4F6E-9FBD-29FB65484AD2}.Debug|Any CPU.ActiveCfg = Debug|Any CPU
		{29B0F3BC-5D50-4F6E-9FBD-29FB65484AD2}.Debug|Any CPU.Build.0 = Debug|Any CPU
		{29B0F3BC-5D50-4F6E-9FBD-29FB65484AD2}.Release|Any CPU.ActiveCfg = Release|Any CPU
		{29B0F3BC-5D50-4F6E-9FBD-29FB65484AD2}.Release|Any CPU.Build.0 = Release|Any CPU
	EndGlobalSection
	GlobalSection(SolutionProperties) = preSolution
		HideSolutionNode = FALSE
	EndGlobalSection
	GlobalSection(ExtensibilityGlobals) = postSolution
		SolutionGuid = {E5684AC0-25CF-44FA-A51C-900A143248DC}
	EndGlobalSection
EndGlobal
